
Microsoft Visual Studio Solution File, Format Version 12.00
Project("{FAE04EC0-301F-11D3-BF4B-00C04F79EFBC}") = "EventTicketing.WebApi", "EventTicketing.WebApi\EventTicketing.WebApi.csproj", "{5E6C9EA5-DE36-4C7C-8914-50662A49624C}"
EndProject
Project("{FAE04EC0-301F-11D3-BF4B-00C04F79EFBC}") = "EventTicketing.Domain", "EventTicketing.Domain\EventTicketing.Domain.csproj", "{5681A7A3-CB2E-4FA0-8432-C73771821281}"
EndProject
Project("{FAE04EC0-301F-11D3-BF4B-00C04F79EFBC}") = "EventTicketing.Application", "EventTicketing.Application\EventTicketing.Application.csproj", "{2C78FAF1-E086-4A43-A1B5-F5FE7DF9F4DF}"
EndProject
Project("{FAE04EC0-301F-11D3-BF4B-00C04F79EFBC}") = "EventTicketing.Infrastructure", "EventTicketing.Infrastructure\EventTicketing.Infrastructure.csproj", "{ED4D1A68-486F-4798-A59C-A1C69F7C8415}"
EndProject
Global
	GlobalSection(SolutionConfigurationPlatforms) = preSolution
		Debug|Any CPU = Debug|Any CPU
		Release|Any CPU = Release|Any CPU
	EndGlobalSection
	GlobalSection(ProjectConfigurationPlatforms) = postSolution
		{5E6C9EA5-DE36-4C7C-8914-50662A49624C}.Debug|Any CPU.ActiveCfg = Debug|Any CPU
		{5E6C9EA5-DE36-4C7C-8914-50662A49624C}.Debug|Any CPU.Build.0 = Debug|Any CPU
		{5E6C9EA5-DE36-4C7C-8914-50662A49624C}.Release|Any CPU.ActiveCfg = Release|Any CPU
		{5E6C9EA5-DE36-4C7C-8914-50662A49624C}.Release|Any CPU.Build.0 = Release|Any CPU
		{5681A7A3-CB2E-4FA0-8432-C73771821281}.Debug|Any CPU.ActiveCfg = Debug|Any CPU
		{5681A7A3-CB2E-4FA0-8432-C73771821281}.Debug|Any CPU.Build.0 = Debug|Any CPU
		{5681A7A3-CB2E-4FA0-8432-C73771821281}.Release|Any CPU.ActiveCfg = Release|Any CPU
		{5681A7A3-CB2E-4FA0-8432-C73771821281}.Release|Any CPU.Build.0 = Release|Any CPU
		{2C78FAF1-E086-4A43-A1B5-F5FE7DF9F4DF}.Debug|Any CPU.ActiveCfg = Debug|Any CPU
		{2C78FAF1-E086-4A43-A1B5-F5FE7DF9F4DF}.Debug|Any CPU.Build.0 = Debug|Any CPU
		{2C78FAF1-E086-4A43-A1B5-F5FE7DF9F4DF}.Release|Any CPU.ActiveCfg = Release|Any CPU
		{2C78FAF1-E086-4A43-A1B5-F5FE7DF9F4DF}.Release|Any CPU.Build.0 = Release|Any CPU
		{ED4D1A68-486F-4798-A59C-A1C69F7C8415}.Debug|Any CPU.ActiveCfg = Debug|Any CPU
		{ED4D1A68-486F-4798-A59C-A1C69F7C8415}.Debug|Any CPU.Build.0 = Debug|Any CPU
		{ED4D1A68-486F-4798-A59C-A1C69F7C8415}.Release|Any CPU.ActiveCfg = Release|Any CPU
		{ED4D1A68-486F-4798-A59C-A1C69F7C8415}.Release|Any CPU.Build.0 = Release|Any CPU
	EndGlobalSection
EndGlobal
